
Microsoft Visual Studio Solution File, Format Version 12.00
# Visual Studio Version 17
VisualStudioVersion = 17.4.33213.308
MinimumVisualStudioVersion = 10.0.40219.1
Project("{FAE04EC0-301F-11D3-BF4B-00C04F79EFBC}") = "ConstructorOverloading_Feb3", "ConstructorOverloading_Feb3\ConstructorOverloading_Feb3.csproj", "{16E5AD6B-95F4-4F79-9BF2-F99C7877E086}"
EndProject
Global
	GlobalSection(SolutionConfigurationPlatforms) = preSolution
		Debug|Any CPU = Debug|Any CPU
		Release|Any CPU = Release|Any CPU
	EndGlobalSection
	GlobalSection(ProjectConfigurationPlatforms) = postSolution
		{16E5AD6B-95F4-4F79-9BF2-F99C7877E086}.Debug|Any CPU.ActiveCfg = Debug|Any CPU
		{16E5AD6B-95F4-4F79-9BF2-F99C7877E086}.Debug|Any CPU.Build.0 = Debug|Any CPU
		{16E5AD6B-95F4-4F79-9BF2-F99C7877E086}.Release|Any CPU.ActiveCfg = Release|Any CPU
		{16E5AD6B-95F4-4F79-9BF2-F99C7877E086}.Release|Any CPU.Build.0 = Release|Any CPU
	EndGlobalSection
	GlobalSection(SolutionProperties) = preSolution
		HideSolutionNode = FALSE
	EndGlobalSection
	GlobalSection(ExtensibilityGlobals) = postSolution
		SolutionGuid = {564B947E-9C21-43DA-B279-482038683E03}
	EndGlobalSection
EndGlobal
